
Microsoft Visual Studio Solution File, Format Version 12.00
# Visual Studio Version 17
VisualStudioVersion = 17.9.34723.18
MinimumVisualStudioVersion = 10.0.40219.1
Project("{FAE04EC0-301F-11D3-BF4B-00C04F79EFBC}") = "StudentManagementAPI", "StudentManagementAPI\StudentManagementAPI.csproj", "{9B6BEB05-83FB-4461-8ABC-638B03DDE5EB}"
EndProject
Global
	GlobalSection(SolutionConfigurationPlatforms) = preSolution
		Debug|Any CPU = Debug|Any CPU
		Release|Any CPU = Release|Any CPU
	EndGlobalSection
	GlobalSection(ProjectConfigurationPlatforms) = postSolution
		{9B6BEB05-83FB-4461-8ABC-638B03DDE5EB}.Debug|Any CPU.ActiveCfg = Debug|Any CPU
		{9B6BEB05-83FB-4461-8ABC-638B03DDE5EB}.Debug|Any CPU.Build.0 = Debug|Any CPU
		{9B6BEB05-83FB-4461-8ABC-638B03DDE5EB}.Release|Any CPU.ActiveCfg = Release|Any CPU
		{9B6BEB05-83FB-4461-8ABC-638B03DDE5EB}.Release|Any CPU.Build.0 = Release|Any CPU
	EndGlobalSection
	GlobalSection(SolutionProperties) = preSolution
		HideSolutionNode = FALSE
	EndGlobalSection
	GlobalSection(ExtensibilityGlobals) = postSolution
		SolutionGuid = {16DF97A1-0F99-43EF-9689-73898999A111}
	EndGlobalSection
EndGlobal
