
Microsoft Visual Studio Solution File, Format Version 12.00
# Visual Studio Version 17
VisualStudioVersion = 17.9.34723.18
MinimumVisualStudioVersion = 10.0.40219.1
Project("{9A19103F-16F7-4668-BE54-9A1E7A4F7556}") = "StudentManagementApplicationAPI", "StudentManagementApplicationAPI\StudentManagementApplicationAPI.csproj", "{2A8831CB-969B-45DC-AF52-8AD3902AB5CC}"
EndProject
Project("{FAE04EC0-301F-11D3-BF4B-00C04F79EFBC}") = "StudentManagementTest", "StudentManagementTest\StudentManagementTest.csproj", "{B214BE75-6AF3-4342-93C9-EA865596F513}"
EndProject
Global
	GlobalSection(SolutionConfigurationPlatforms) = preSolution
		Debug|Any CPU = Debug|Any CPU
		Release|Any CPU = Release|Any CPU
	EndGlobalSection
	GlobalSection(ProjectConfigurationPlatforms) = postSolution
		{2A8831CB-969B-45DC-AF52-8AD3902AB5CC}.Debug|Any CPU.ActiveCfg = Debug|Any CPU
		{2A8831CB-969B-45DC-AF52-8AD3902AB5CC}.Debug|Any CPU.Build.0 = Debug|Any CPU
		{2A8831CB-969B-45DC-AF52-8AD3902AB5CC}.Release|Any CPU.ActiveCfg = Release|Any CPU
		{2A8831CB-969B-45DC-AF52-8AD3902AB5CC}.Release|Any CPU.Build.0 = Release|Any CPU
		{B214BE75-6AF3-4342-93C9-EA865596F513}.Debug|Any CPU.ActiveCfg = Debug|Any CPU
		{B214BE75-6AF3-4342-93C9-EA865596F513}.Debug|Any CPU.Build.0 = Debug|Any CPU
		{B214BE75-6AF3-4342-93C9-EA865596F513}.Release|Any CPU.ActiveCfg = Release|Any CPU
		{B214BE75-6AF3-4342-93C9-EA865596F513}.Release|Any CPU.Build.0 = Release|Any CPU
	EndGlobalSection
	GlobalSection(SolutionProperties) = preSolution
		HideSolutionNode = FALSE
	EndGlobalSection
	GlobalSection(ExtensibilityGlobals) = postSolution
		SolutionGuid = {53BDC723-6C47-4619-B698-32178E75C081}
	EndGlobalSection
EndGlobal
